
Microsoft Visual Studio Solution File, Format Version 12.00
# Visual Studio Version 17
VisualStudioVersion = 17.6.33815.320
MinimumVisualStudioVersion = 10.0.40219.1
Project("{9A19103F-16F7-4668-BE54-9A1E7A4F7556}") = "Szorzotabla", "Szorzotabla\Szorzotabla.csproj", "{D8E14605-AAA4-4569-B259-33128F3DF1F6}"
EndProject
Project("{9A19103F-16F7-4668-BE54-9A1E7A4F7556}") = "Fibonacci", "Fibonacci\Fibonacci.csproj", "{705A3507-1F17-4C6A-AC99-060E55B035A8}"
EndProject
Project("{9A19103F-16F7-4668-BE54-9A1E7A4F7556}") = "Pascal", "Pascal\Pascal.csproj", "{7BAC7402-1371-41AB-B55D-1E39510FADBA}"
EndProject
Project("{FAE04EC0-301F-11D3-BF4B-00C04F79EFBC}") = "VIllogoGOmb", "VIllogoGOmb\VIllogoGOmb.csproj", "{121367E7-EBBA-418B-B757-05A34A62EFAC}"
EndProject
Project("{FAE04EC0-301F-11D3-BF4B-00C04F79EFBC}") = "SzamoloGomb", "SzamoloGomb\SzamoloGomb.csproj", "{E3968BF5-3464-4560-B53D-CDE6C22F8CA3}"
EndProject
Project("{FAE04EC0-301F-11D3-BF4B-00C04F79EFBC}") = "hajoskviz", "hajoskviz\hajoskviz.csproj", "{84E3B33B-DD84-4044-BCAF-7F2E95BD104D}"
EndProject
Global
	GlobalSection(SolutionConfigurationPlatforms) = preSolution
		Debug|Any CPU = Debug|Any CPU
		Release|Any CPU = Release|Any CPU
	EndGlobalSection
	GlobalSection(ProjectConfigurationPlatforms) = postSolution
		{D8E14605-AAA4-4569-B259-33128F3DF1F6}.Debug|Any CPU.ActiveCfg = Debug|Any CPU
		{D8E14605-AAA4-4569-B259-33128F3DF1F6}.Debug|Any CPU.Build.0 = Debug|Any CPU
		{D8E14605-AAA4-4569-B259-33128F3DF1F6}.Release|Any CPU.ActiveCfg = Release|Any CPU
		{D8E14605-AAA4-4569-B259-33128F3DF1F6}.Release|Any CPU.Build.0 = Release|Any CPU
		{705A3507-1F17-4C6A-AC99-060E55B035A8}.Debug|Any CPU.ActiveCfg = Debug|Any CPU
		{705A3507-1F17-4C6A-AC99-060E55B035A8}.Debug|Any CPU.Build.0 = Debug|Any CPU
		{705A3507-1F17-4C6A-AC99-060E55B035A8}.Release|Any CPU.ActiveCfg = Release|Any CPU
		{705A3507-1F17-4C6A-AC99-060E55B035A8}.Release|Any CPU.Build.0 = Release|Any CPU
		{7BAC7402-1371-41AB-B55D-1E39510FADBA}.Debug|Any CPU.ActiveCfg = Debug|Any CPU
		{7BAC7402-1371-41AB-B55D-1E39510FADBA}.Debug|Any CPU.Build.0 = Debug|Any CPU
		{7BAC7402-1371-41AB-B55D-1E39510FADBA}.Release|Any CPU.ActiveCfg = Release|Any CPU
		{7BAC7402-1371-41AB-B55D-1E39510FADBA}.Release|Any CPU.Build.0 = Release|Any CPU
		{121367E7-EBBA-418B-B757-05A34A62EFAC}.Debug|Any CPU.ActiveCfg = Debug|Any CPU
		{121367E7-EBBA-418B-B757-05A34A62EFAC}.Debug|Any CPU.Build.0 = Debug|Any CPU
		{121367E7-EBBA-418B-B757-05A34A62EFAC}.Release|Any CPU.ActiveCfg = Release|Any CPU
		{121367E7-EBBA-418B-B757-05A34A62EFAC}.Release|Any CPU.Build.0 = Release|Any CPU
		{E3968BF5-3464-4560-B53D-CDE6C22F8CA3}.Debug|Any CPU.ActiveCfg = Debug|Any CPU
		{E3968BF5-3464-4560-B53D-CDE6C22F8CA3}.Debug|Any CPU.Build.0 = Debug|Any CPU
		{E3968BF5-3464-4560-B53D-CDE6C22F8CA3}.Release|Any CPU.ActiveCfg = Release|Any CPU
		{E3968BF5-3464-4560-B53D-CDE6C22F8CA3}.Release|Any CPU.Build.0 = Release|Any CPU
		{84E3B33B-DD84-4044-BCAF-7F2E95BD104D}.Debug|Any CPU.ActiveCfg = Debug|Any CPU
		{84E3B33B-DD84-4044-BCAF-7F2E95BD104D}.Debug|Any CPU.Build.0 = Debug|Any CPU
		{84E3B33B-DD84-4044-BCAF-7F2E95BD104D}.Release|Any CPU.ActiveCfg = Release|Any CPU
		{84E3B33B-DD84-4044-BCAF-7F2E95BD104D}.Release|Any CPU.Build.0 = Release|Any CPU
	EndGlobalSection
	GlobalSection(SolutionProperties) = preSolution
		HideSolutionNode = FALSE
	EndGlobalSection
	GlobalSection(ExtensibilityGlobals) = postSolution
		SolutionGuid = {3371E38D-5993-4C40-B403-BBFBF5B4F430}
	EndGlobalSection
EndGlobal
